<?xml version="1.0" encoding="utf-8"?>
<Project ToolsVersion="4.0" xmlns="http://schemas.microsoft.com/developer/msbuild/2003">
  <ItemGroup>
    <Filter Include="Source Files">
      <UniqueIdentifier>{4FC737F1-C7A5-4376-A066-2A32D752A2FF}</UniqueIdentifier>
      <Extensions>cpp;c;cc;cxx;c++;cppm;ixx;def;odl;idl;hpj;bat;asm;asmx</Extensions>
    </Filter>
    <Filter Include="Header Files">
      <UniqueIdentifier>{93995380-89BD-4b04-88EB-625FBE52EBFB}</UniqueIdentifier>
      <Extensions>h;hh;hpp;hxx;h++;hm;inl;inc;ipp;xsd</Extensions>
    </Filter>
    <Filter Include="cMugBook">
      <UniqueIdentifier>{96748b35-0e4f-4511-8ba8-623053687f78}</UniqueIdentifier>
    </Filter>
    <Filter Include="PersonGenerator">
      <UniqueIdentifier>{c56f0bfe-965d-4d65-bc87-e1999afb966b}</UniqueIdentifier>
    </Filter>
  </ItemGroup>
  <ItemGroup>
    <ClCompile Include="myMainFunction.cpp">
      <Filter>Source Files</Filter>
    </ClCompile>
    <ClCompile Include="cPerson.cpp">
      <Filter>cMugBook</Filter>
    </ClCompile>
    <ClCompile Include="cMugBook.cpp">
      <Filter>cMugBook</Filter>
    </ClCompile>
  </ItemGroup>
  <ItemGroup>
    <ClInclude Include="cMugBook.h">
      <Filter>cMugBook</Filter>
    </ClInclude>
    <ClInclude Include="cPerson.h">
      <Filter>cMugBook</Filter>
    </ClInclude>
    <ClInclude Include="cPersonGenerator.h">
      <Filter>PersonGenerator</Filter>
    </ClInclude>
  </ItemGroup>
</Project>