
Microsoft Visual Studio Solution File, Format Version 12.00
# Visual Studio Version 16
VisualStudioVersion = 16.0.30717.126
MinimumVisualStudioVersion = 10.0.40219.1
Project("{8BC9CEB8-8B4A-11D0-8D11-00A0C91BC942}") = "CPPIsTheBest", "CPPIsTheBest\CPPIsTheBest.vcxproj", "{770C03D2-A9DA-4617-9AAE-F9C80F8CC45A}"
EndProject
Project("{8BC9CEB8-8B4A-11D0-8D11-00A0C91BC942}") = "GuessAColourPossibleSolution", "GuessAColourPossibleSolution\GuessAColourPossibleSolution.vcxproj", "{B356E03F-D7EC-49CA-A9A8-BCB6B3AF3C92}"
EndProject
Global
	GlobalSection(SolutionConfigurationPlatforms) = preSolution
		Debug|ARM = Debug|ARM
		Debug|ARM64 = Debug|ARM64
		Debug|x64 = Debug|x64
		Debug|x86 = Debug|x86
		Release|ARM = Release|ARM
		Release|ARM64 = Release|ARM64
		Release|x64 = Release|x64
		Release|x86 = Release|x86
	EndGlobalSection
	GlobalSection(ProjectConfigurationPlatforms) = postSolution
		{770C03D2-A9DA-4617-9AAE-F9C80F8CC45A}.Debug|ARM.ActiveCfg = Debug|ARM
		{770C03D2-A9DA-4617-9AAE-F9C80F8CC45A}.Debug|ARM.Build.0 = Debug|ARM
		{770C03D2-A9DA-4617-9AAE-F9C80F8CC45A}.Debug|ARM64.ActiveCfg = Debug|Win32
		{770C03D2-A9DA-4617-9AAE-F9C80F8CC45A}.Debug|x64.ActiveCfg = Debug|x64
		{770C03D2-A9DA-4617-9AAE-F9C80F8CC45A}.Debug|x64.Build.0 = Debug|x64
		{770C03D2-A9DA-4617-9AAE-F9C80F8CC45A}.Debug|x86.ActiveCfg = Debug|Win32
		{770C03D2-A9DA-4617-9AAE-F9C80F8CC45A}.Debug|x86.Build.0 = Debug|Win32
		{770C03D2-A9DA-4617-9AAE-F9C80F8CC45A}.Release|ARM.ActiveCfg = Release|ARM
		{770C03D2-A9DA-4617-9AAE-F9C80F8CC45A}.Release|ARM.Build.0 = Release|ARM
		{770C03D2-A9DA-4617-9AAE-F9C80F8CC45A}.Release|ARM64.ActiveCfg = Release|Win32
		{770C03D2-A9DA-4617-9AAE-F9C80F8CC45A}.Release|x64.ActiveCfg = Release|x64
		{770C03D2-A9DA-4617-9AAE-F9C80F8CC45A}.Release|x64.Build.0 = Release|x64
		{770C03D2-A9DA-4617-9AAE-F9C80F8CC45A}.Release|x86.ActiveCfg = Release|Win32
		{770C03D2-A9DA-4617-9AAE-F9C80F8CC45A}.Release|x86.Build.0 = Release|Win32
		{B356E03F-D7EC-49CA-A9A8-BCB6B3AF3C92}.Debug|ARM.ActiveCfg = Debug|Win32
		{B356E03F-D7EC-49CA-A9A8-BCB6B3AF3C92}.Debug|x64.ActiveCfg = Debug|x64
		{B356E03F-D7EC-49CA-A9A8-BCB6B3AF3C92}.Debug|x64.Build.0 = Debug|x64
		{B356E03F-D7EC-49CA-A9A8-BCB6B3AF3C92}.Debug|x86.ActiveCfg = Debug|Win32
		{B356E03F-D7EC-49CA-A9A8-BCB6B3AF3C92}.Debug|x86.Build.0 = Debug|Win32
		{B356E03F-D7EC-49CA-A9A8-BCB6B3AF3C92}.Release|ARM.ActiveCfg = Release|Win32
		{B356E03F-D7EC-49CA-A9A8-BCB6B3AF3C92}.Release|x64.ActiveCfg = Release|x64
		{B356E03F-D7EC-49CA-A9A8-BCB6B3AF3C92}.Release|x64.Build.0 = Release|x64
		{B356E03F-D7EC-49CA-A9A8-BCB6B3AF3C92}.Release|x86.ActiveCfg = Release|Win32
		{B356E03F-D7EC-49CA-A9A8-BCB6B3AF3C92}.Release|x86.Build.0 = Release|Win32
	EndGlobalSection
	GlobalSection(SolutionProperties) = preSolution
		HideSolutionNode = FALSE
	EndGlobalSection
	GlobalSection(ExtensibilityGlobals) = postSolution
		SolutionGuid = {12DC9913-4D65-4E77-AEC1-19CB6B53AD4E}
	EndGlobalSection
EndGlobal
